{
  "name": "punch",
  "version": "0.1.0",
  "lockfileVersion": 1,
  "requires": true,
  "dependencies": {
    "commander": {
      "version": "2.19.0",
      "resolved": "https://registry.npmjs.org/commander/-/commander-2.19.0.tgz",
      "integrity": "sha512-6tvAOO+D6OENvRAh524Dh9jcfKTYDQAqvqezbCW82xj5X0pSrcpxtvRKHLG0yBY6SD7PSDrJaj+0AiOcKVd1Xg=="
    },
    "database-js": {
      "version": "3.0.8",
      "resolved": "https://registry.npmjs.org/database-js/-/database-js-3.0.8.tgz",
      "integrity": "sha512-G2RZEXMK+DuIvviYs02xMViJ4gtc+VIXokoE+f2R4uyHXI3odDYSY3zqPoteFPnHzVDsnnrx336/yjOdXkl6Vg=="
    }
  }
}
