# THIS IS AN AUTOGENERATED FILE. DO NOT EDIT THIS FILE DIRECTLY.
# yarn lockfile v1


commander@^2.19.0:
  version "2.19.0"
  resolved "https://registry.yarnpkg.com/commander/-/commander-2.19.0.tgz#f6198aa84e5b83c46054b94ddedbfed5ee9ff12a"

database-js@^3.0.8:
  version "3.0.8"
  resolved "https://registry.yarnpkg.com/database-js/-/database-js-3.0.8.tgz#95e32291848bc078723a48765b2a6c60d1ae4765"
